
Microsoft Visual Studio Solution File, Format Version 12.00
# Visual Studio 14
VisualStudioVersion = 14.0.25420.1
MinimumVisualStudioVersion = 10.0.40219.1
Project("{FAE04EC0-301F-11D3-BF4B-00C04F79EFBC}") = "MSExcelToMongoConnector", "MSGraphExcelToMongoConnector\MSExcelToMongoConnector.csproj", "{5DDE022B-B611-412D-AE7D-1E4DEE1FF3C1}"
EndProject
Project("{FAE04EC0-301F-11D3-BF4B-00C04F79EFBC}") = "MSExcelToMongoConnectorTest", "MSGraphExcelToMongoConnectorTest\MSExcelToMongoConnectorTest.csproj", "{0A507D78-CD2A-4270-A4D0-ED3B8EB1B90E}"
EndProject
Global
	GlobalSection(SolutionConfigurationPlatforms) = preSolution
		Debug|Any CPU = Debug|Any CPU
		Release|Any CPU = Release|Any CPU
	EndGlobalSection
	GlobalSection(ProjectConfigurationPlatforms) = postSolution
		{5DDE022B-B611-412D-AE7D-1E4DEE1FF3C1}.Debug|Any CPU.ActiveCfg = Debug|Any CPU
		{5DDE022B-B611-412D-AE7D-1E4DEE1FF3C1}.Debug|Any CPU.Build.0 = Debug|Any CPU
		{5DDE022B-B611-412D-AE7D-1E4DEE1FF3C1}.Release|Any CPU.ActiveCfg = Release|Any CPU
		{5DDE022B-B611-412D-AE7D-1E4DEE1FF3C1}.Release|Any CPU.Build.0 = Release|Any CPU
		{0A507D78-CD2A-4270-A4D0-ED3B8EB1B90E}.Debug|Any CPU.ActiveCfg = Debug|Any CPU
		{0A507D78-CD2A-4270-A4D0-ED3B8EB1B90E}.Debug|Any CPU.Build.0 = Debug|Any CPU
		{0A507D78-CD2A-4270-A4D0-ED3B8EB1B90E}.Release|Any CPU.ActiveCfg = Release|Any CPU
		{0A507D78-CD2A-4270-A4D0-ED3B8EB1B90E}.Release|Any CPU.Build.0 = Release|Any CPU
	EndGlobalSection
	GlobalSection(SolutionProperties) = preSolution
		HideSolutionNode = FALSE
	EndGlobalSection
EndGlobal
